
Microsoft Visual Studio Solution File, Format Version 12.00
# Visual Studio 15
VisualStudioVersion = 15.0.28010.2026
MinimumVisualStudioVersion = 10.0.40219.1
Project("{FAE04EC0-301F-11D3-BF4B-00C04F79EFBC}") = "Coin", "Coin\Coin.csproj", "{7E1B0EED-8710-47D4-B1D2-B1761A923289}"
EndProject
Project("{9A19103F-16F7-4668-BE54-9A1E7A4F7556}") = "Coin.Web", "Coin.Web\Coin.Web.csproj", "{82844717-72A4-4C95-9CCB-C1C792D16B5E}"
EndProject
Project("{9A19103F-16F7-4668-BE54-9A1E7A4F7556}") = "Coin.Data", "Coin.Data\Coin.Data.csproj", "{FE2BB7AF-1A18-4CE4-85B1-3FE9B000E9FC}"
EndProject
Project("{2150E333-8FDC-42A3-9474-1A3956D46DE8}") = "Solution Items", "Solution Items", "{F1893C2F-694F-4BDF-8796-B4F973DC4051}"
	ProjectSection(SolutionItems) = preProject
		CreateDb.sql = CreateDb.sql
		DoScaffold.ps1 = DoScaffold.ps1
		Scaffolding.txt = Scaffolding.txt
		Todo.txt = Todo.txt
		UsefulQueries.sql = UsefulQueries.sql
	EndProjectSection
EndProject
Project("{FAE04EC0-301F-11D3-BF4B-00C04F79EFBC}") = "Coin.Web.ScaffoldingHelpers", "Coin.Web.ScaffoldingHelpers\Coin.Web.ScaffoldingHelpers.csproj", "{0AC8BE92-88DC-4C64-974F-ECDFB905F9B6}"
EndProject
Global
	GlobalSection(SolutionConfigurationPlatforms) = preSolution
		Debug|Any CPU = Debug|Any CPU
		Release|Any CPU = Release|Any CPU
	EndGlobalSection
	GlobalSection(ProjectConfigurationPlatforms) = postSolution
		{7E1B0EED-8710-47D4-B1D2-B1761A923289}.Debug|Any CPU.ActiveCfg = Debug|Any CPU
		{7E1B0EED-8710-47D4-B1D2-B1761A923289}.Debug|Any CPU.Build.0 = Debug|Any CPU
		{7E1B0EED-8710-47D4-B1D2-B1761A923289}.Release|Any CPU.ActiveCfg = Release|Any CPU
		{7E1B0EED-8710-47D4-B1D2-B1761A923289}.Release|Any CPU.Build.0 = Release|Any CPU
		{82844717-72A4-4C95-9CCB-C1C792D16B5E}.Debug|Any CPU.ActiveCfg = Debug|Any CPU
		{82844717-72A4-4C95-9CCB-C1C792D16B5E}.Debug|Any CPU.Build.0 = Debug|Any CPU
		{82844717-72A4-4C95-9CCB-C1C792D16B5E}.Release|Any CPU.ActiveCfg = Release|Any CPU
		{82844717-72A4-4C95-9CCB-C1C792D16B5E}.Release|Any CPU.Build.0 = Release|Any CPU
		{FE2BB7AF-1A18-4CE4-85B1-3FE9B000E9FC}.Debug|Any CPU.ActiveCfg = Debug|Any CPU
		{FE2BB7AF-1A18-4CE4-85B1-3FE9B000E9FC}.Debug|Any CPU.Build.0 = Debug|Any CPU
		{FE2BB7AF-1A18-4CE4-85B1-3FE9B000E9FC}.Release|Any CPU.ActiveCfg = Release|Any CPU
		{FE2BB7AF-1A18-4CE4-85B1-3FE9B000E9FC}.Release|Any CPU.Build.0 = Release|Any CPU
		{0AC8BE92-88DC-4C64-974F-ECDFB905F9B6}.Debug|Any CPU.ActiveCfg = Debug|Any CPU
		{0AC8BE92-88DC-4C64-974F-ECDFB905F9B6}.Debug|Any CPU.Build.0 = Debug|Any CPU
		{0AC8BE92-88DC-4C64-974F-ECDFB905F9B6}.Release|Any CPU.ActiveCfg = Release|Any CPU
		{0AC8BE92-88DC-4C64-974F-ECDFB905F9B6}.Release|Any CPU.Build.0 = Release|Any CPU
	EndGlobalSection
	GlobalSection(SolutionProperties) = preSolution
		HideSolutionNode = FALSE
	EndGlobalSection
	GlobalSection(ExtensibilityGlobals) = postSolution
		SolutionGuid = {F52AA4F3-CD0C-4456-A9EA-273753575B07}
	EndGlobalSection
EndGlobal
